
Microsoft Visual Studio Solution File, Format Version 12.00
# Visual Studio 2013
VisualStudioVersion = 12.0.21005.1
MinimumVisualStudioVersion = 10.0.40219.1
Project("{CC5FD16D-436D-48AD-A40C-5A424C6E3E79}") = "NazureBot", "NazureBot\NazureBot.ccproj", "{A1568722-480B-40AF-BFDA-AF2250157140}"
EndProject
Project("{FAE04EC0-301F-11D3-BF4B-00C04F79EFBC}") = "NazureBot.UI", "NazureBot.UI\NazureBot.UI.csproj", "{5DF1492D-F645-4A5C-BF7E-C60EF550EA3B}"
EndProject
Project("{FAE04EC0-301F-11D3-BF4B-00C04F79EFBC}") = "NazureBot.Core", "NazureBot.Core\NazureBot.Core.csproj", "{1853B098-B140-41FD-AB11-2594E7713F48}"
EndProject
Project("{FAE04EC0-301F-11D3-BF4B-00C04F79EFBC}") = "NazureBot.Core.Tests", "NazureBot.Core.Tests\NazureBot.Core.Tests.csproj", "{F2C6F052-E5FE-428F-8E32-E6E7A12A8CCB}"
EndProject
Project("{FAE04EC0-301F-11D3-BF4B-00C04F79EFBC}") = "NazureBot.Modules", "NazureBot.Module\NazureBot.Modules.csproj", "{E1CFB9C8-40E0-47AB-A0D0-F14399FA1B2D}"
EndProject
Project("{FAE04EC0-301F-11D3-BF4B-00C04F79EFBC}") = "NazureBot.Module.Pong", "NazureBot.Module.Pong\NazureBot.Module.Pong.csproj", "{207C0784-43EA-4B94-831D-EF000E2C80F9}"
EndProject
Project("{FAE04EC0-301F-11D3-BF4B-00C04F79EFBC}") = "NazureBot.Irc.IrcDotNet", "NazureBot.Irc.IrcDotNet\NazureBot.Irc.IrcDotNet.csproj", "{82F80837-B01D-4517-8FA0-3E85577E7449}"
EndProject
Project("{2150E333-8FDC-42A3-9474-1A3956D46DE8}") = ".nuget", ".nuget", "{401238A5-F135-43BC-8700-5D8C53A0FB7F}"
	ProjectSection(SolutionItems) = preProject
		.nuget\NuGet.Config = .nuget\NuGet.Config
		.nuget\NuGet.exe = .nuget\NuGet.exe
		.nuget\NuGet.targets = .nuget\NuGet.targets
	EndProjectSection
EndProject
Project("{FAE04EC0-301F-11D3-BF4B-00C04F79EFBC}") = "NazureBot.Irc.SmartIrc4Net", "NazureBot.Irc.SmartIrc4Net\NazureBot.Irc.SmartIrc4Net.csproj", "{B89F0FA1-A71F-4BF2-928A-22E471BBD9BD}"
EndProject
Project("{FAE04EC0-301F-11D3-BF4B-00C04F79EFBC}") = "NazureBot.Service", "NazureBot.Service\NazureBot.Service.csproj", "{E6738709-BFEF-4046-BC44-7B8B9199804B}"
EndProject
Project("{2150E333-8FDC-42A3-9474-1A3956D46DE8}") = "Modules", "Modules", "{FE7AB693-6F9E-41D5-8308-B119E072BA1E}"
EndProject
Project("{2150E333-8FDC-42A3-9474-1A3956D46DE8}") = "Service", "Service", "{07E96EB5-14A2-4C28-BFB4-F82FE68BA01F}"
EndProject
Project("{2150E333-8FDC-42A3-9474-1A3956D46DE8}") = "Clients", "Clients", "{BD4B105A-5CD2-4F5C-B521-72D63FAAFD51}"
EndProject
Project("{2150E333-8FDC-42A3-9474-1A3956D46DE8}") = "UI", "UI", "{B0FD7CBA-07AE-4861-98EE-5A49E8D93849}"
EndProject
Project("{2150E333-8FDC-42A3-9474-1A3956D46DE8}") = "Azure", "Azure", "{0743FFDE-DDCB-4FD4-8F8A-05BC81973435}"
EndProject
Project("{FAE04EC0-301F-11D3-BF4B-00C04F79EFBC}") = "NazureBot.Module.Weather", "NazureBot.Modules.Weather\NazureBot.Module.Weather.csproj", "{2CCF4DC8-4E5F-4056-A7A0-51CFCA904CCE}"
EndProject
Project("{2150E333-8FDC-42A3-9474-1A3956D46DE8}") = "Core", "Core", "{BD47B05F-F71D-475C-9611-CA1ECB5455B2}"
EndProject
Global
	GlobalSection(SolutionConfigurationPlatforms) = preSolution
		Debug|Any CPU = Debug|Any CPU
		Release|Any CPU = Release|Any CPU
	EndGlobalSection
	GlobalSection(ProjectConfigurationPlatforms) = postSolution
		{A1568722-480B-40AF-BFDA-AF2250157140}.Debug|Any CPU.ActiveCfg = Debug|Any CPU
		{A1568722-480B-40AF-BFDA-AF2250157140}.Debug|Any CPU.Build.0 = Debug|Any CPU
		{A1568722-480B-40AF-BFDA-AF2250157140}.Release|Any CPU.ActiveCfg = Release|Any CPU
		{A1568722-480B-40AF-BFDA-AF2250157140}.Release|Any CPU.Build.0 = Release|Any CPU
		{5DF1492D-F645-4A5C-BF7E-C60EF550EA3B}.Debug|Any CPU.ActiveCfg = Debug|Any CPU
		{5DF1492D-F645-4A5C-BF7E-C60EF550EA3B}.Debug|Any CPU.Build.0 = Debug|Any CPU
		{5DF1492D-F645-4A5C-BF7E-C60EF550EA3B}.Release|Any CPU.ActiveCfg = Release|Any CPU
		{5DF1492D-F645-4A5C-BF7E-C60EF550EA3B}.Release|Any CPU.Build.0 = Release|Any CPU
		{1853B098-B140-41FD-AB11-2594E7713F48}.Debug|Any CPU.ActiveCfg = Debug|Any CPU
		{1853B098-B140-41FD-AB11-2594E7713F48}.Debug|Any CPU.Build.0 = Debug|Any CPU
		{1853B098-B140-41FD-AB11-2594E7713F48}.Release|Any CPU.ActiveCfg = Release|Any CPU
		{1853B098-B140-41FD-AB11-2594E7713F48}.Release|Any CPU.Build.0 = Release|Any CPU
		{F2C6F052-E5FE-428F-8E32-E6E7A12A8CCB}.Debug|Any CPU.ActiveCfg = Debug|Any CPU
		{F2C6F052-E5FE-428F-8E32-E6E7A12A8CCB}.Debug|Any CPU.Build.0 = Debug|Any CPU
		{F2C6F052-E5FE-428F-8E32-E6E7A12A8CCB}.Release|Any CPU.ActiveCfg = Release|Any CPU
		{F2C6F052-E5FE-428F-8E32-E6E7A12A8CCB}.Release|Any CPU.Build.0 = Release|Any CPU
		{E1CFB9C8-40E0-47AB-A0D0-F14399FA1B2D}.Debug|Any CPU.ActiveCfg = Debug|Any CPU
		{E1CFB9C8-40E0-47AB-A0D0-F14399FA1B2D}.Debug|Any CPU.Build.0 = Debug|Any CPU
		{E1CFB9C8-40E0-47AB-A0D0-F14399FA1B2D}.Release|Any CPU.ActiveCfg = Release|Any CPU
		{E1CFB9C8-40E0-47AB-A0D0-F14399FA1B2D}.Release|Any CPU.Build.0 = Release|Any CPU
		{207C0784-43EA-4B94-831D-EF000E2C80F9}.Debug|Any CPU.ActiveCfg = Debug|Any CPU
		{207C0784-43EA-4B94-831D-EF000E2C80F9}.Debug|Any CPU.Build.0 = Debug|Any CPU
		{207C0784-43EA-4B94-831D-EF000E2C80F9}.Release|Any CPU.ActiveCfg = Release|Any CPU
		{207C0784-43EA-4B94-831D-EF000E2C80F9}.Release|Any CPU.Build.0 = Release|Any CPU
		{82F80837-B01D-4517-8FA0-3E85577E7449}.Debug|Any CPU.ActiveCfg = Debug|Any CPU
		{82F80837-B01D-4517-8FA0-3E85577E7449}.Debug|Any CPU.Build.0 = Debug|Any CPU
		{82F80837-B01D-4517-8FA0-3E85577E7449}.Release|Any CPU.ActiveCfg = Release|Any CPU
		{82F80837-B01D-4517-8FA0-3E85577E7449}.Release|Any CPU.Build.0 = Release|Any CPU
		{B89F0FA1-A71F-4BF2-928A-22E471BBD9BD}.Debug|Any CPU.ActiveCfg = Debug|Any CPU
		{B89F0FA1-A71F-4BF2-928A-22E471BBD9BD}.Debug|Any CPU.Build.0 = Debug|Any CPU
		{B89F0FA1-A71F-4BF2-928A-22E471BBD9BD}.Release|Any CPU.ActiveCfg = Release|Any CPU
		{B89F0FA1-A71F-4BF2-928A-22E471BBD9BD}.Release|Any CPU.Build.0 = Release|Any CPU
		{E6738709-BFEF-4046-BC44-7B8B9199804B}.Debug|Any CPU.ActiveCfg = Debug|Any CPU
		{E6738709-BFEF-4046-BC44-7B8B9199804B}.Debug|Any CPU.Build.0 = Debug|Any CPU
		{E6738709-BFEF-4046-BC44-7B8B9199804B}.Release|Any CPU.ActiveCfg = Release|Any CPU
		{E6738709-BFEF-4046-BC44-7B8B9199804B}.Release|Any CPU.Build.0 = Release|Any CPU
		{2CCF4DC8-4E5F-4056-A7A0-51CFCA904CCE}.Debug|Any CPU.ActiveCfg = Debug|Any CPU
		{2CCF4DC8-4E5F-4056-A7A0-51CFCA904CCE}.Debug|Any CPU.Build.0 = Debug|Any CPU
		{2CCF4DC8-4E5F-4056-A7A0-51CFCA904CCE}.Release|Any CPU.ActiveCfg = Release|Any CPU
		{2CCF4DC8-4E5F-4056-A7A0-51CFCA904CCE}.Release|Any CPU.Build.0 = Release|Any CPU
	EndGlobalSection
	GlobalSection(SolutionProperties) = preSolution
		HideSolutionNode = FALSE
	EndGlobalSection
	GlobalSection(NestedProjects) = preSolution
		{A1568722-480B-40AF-BFDA-AF2250157140} = {0743FFDE-DDCB-4FD4-8F8A-05BC81973435}
		{5DF1492D-F645-4A5C-BF7E-C60EF550EA3B} = {B0FD7CBA-07AE-4861-98EE-5A49E8D93849}
		{BD47B05F-F71D-475C-9611-CA1ECB5455B2} = {07E96EB5-14A2-4C28-BFB4-F82FE68BA01F}
		{FE7AB693-6F9E-41D5-8308-B119E072BA1E} = {07E96EB5-14A2-4C28-BFB4-F82FE68BA01F}
		{BD4B105A-5CD2-4F5C-B521-72D63FAAFD51} = {07E96EB5-14A2-4C28-BFB4-F82FE68BA01F}
		{E6738709-BFEF-4046-BC44-7B8B9199804B} = {07E96EB5-14A2-4C28-BFB4-F82FE68BA01F}
		{1853B098-B140-41FD-AB11-2594E7713F48} = {BD47B05F-F71D-475C-9611-CA1ECB5455B2}
		{F2C6F052-E5FE-428F-8E32-E6E7A12A8CCB} = {BD47B05F-F71D-475C-9611-CA1ECB5455B2}
		{207C0784-43EA-4B94-831D-EF000E2C80F9} = {FE7AB693-6F9E-41D5-8308-B119E072BA1E}
		{E1CFB9C8-40E0-47AB-A0D0-F14399FA1B2D} = {FE7AB693-6F9E-41D5-8308-B119E072BA1E}
		{2CCF4DC8-4E5F-4056-A7A0-51CFCA904CCE} = {FE7AB693-6F9E-41D5-8308-B119E072BA1E}
		{B89F0FA1-A71F-4BF2-928A-22E471BBD9BD} = {BD4B105A-5CD2-4F5C-B521-72D63FAAFD51}
		{82F80837-B01D-4517-8FA0-3E85577E7449} = {BD4B105A-5CD2-4F5C-B521-72D63FAAFD51}
	EndGlobalSection
EndGlobal
